// !$*UTF8*$!
{
	archiveVersion = 1;
	classes = {
	};
	objectVersion = 56;
	objects = {

/* Begin PBXBuildFile section */
		D668175D2AA8330700F2DD25 /* MainCollectionVC.swift in Sources */ = {isa = PBXBuildFile; fileRef = D668175C2AA8330700F2DD25 /* MainCollectionVC.swift */; };
		D66817602AA834D700F2DD25 /* ViewController+ext.swift in Sources */ = {isa = PBXBuildFile; fileRef = D668175F2AA834D700F2DD25 /* ViewController+ext.swift */; };
		D66817622AA847F100F2DD25 /* LongCell.swift in Sources */ = {isa = PBXBuildFile; fileRef = D66817612AA847F100F2DD25 /* LongCell.swift */; };
		D66817642AA8555500F2DD25 /* ShortsHeader.swift in Sources */ = {isa = PBXBuildFile; fileRef = D66817632AA8555500F2DD25 /* ShortsHeader.swift */; };
		D66817662AA85C9900F2DD25 /* UIImage+Ext.swift in Sources */ = {isa = PBXBuildFile; fileRef = D66817652AA85C9900F2DD25 /* UIImage+Ext.swift */; };
		D66817682AA8833600F2DD25 /* ShortCell.swift in Sources */ = {isa = PBXBuildFile; fileRef = D66817672AA8833600F2DD25 /* ShortCell.swift */; };
		D668176F2AA8959900F2DD25 /* DetailViewController.swift in Sources */ = {isa = PBXBuildFile; fileRef = D668176A2AA8959900F2DD25 /* DetailViewController.swift */; };
		D66817702AA8959900F2DD25 /* DescriptionViewController.swift in Sources */ = {isa = PBXBuildFile; fileRef = D668176B2AA8959900F2DD25 /* DescriptionViewController.swift */; };
		D66817712AA8959900F2DD25 /* CommentTableViewCell.swift in Sources */ = {isa = PBXBuildFile; fileRef = D668176C2AA8959900F2DD25 /* CommentTableViewCell.swift */; };
		D66817722AA8959900F2DD25 /* CommentTableViewCell.xib in Resources */ = {isa = PBXBuildFile; fileRef = D668176D2AA8959900F2DD25 /* CommentTableViewCell.xib */; };
		D66817732AA8959900F2DD25 /* CommentViewController.swift in Sources */ = {isa = PBXBuildFile; fileRef = D668176E2AA8959900F2DD25 /* CommentViewController.swift */; };
		D66817772AA895AD00F2DD25 /* DescriptionViewController.xib in Resources */ = {isa = PBXBuildFile; fileRef = D66817752AA895AD00F2DD25 /* DescriptionViewController.xib */; };
		D66817782AA895AD00F2DD25 /* CommentViewController.xib in Resources */ = {isa = PBXBuildFile; fileRef = D66817762AA895AD00F2DD25 /* CommentViewController.xib */; };
		D668177A2AA8960E00F2DD25 /* VideoModel.swift in Sources */ = {isa = PBXBuildFile; fileRef = D66817792AA8960E00F2DD25 /* VideoModel.swift */; };
		D668177F2AA8962900F2DD25 /* DataManager.swift in Sources */ = {isa = PBXBuildFile; fileRef = D668177B2AA8962900F2DD25 /* DataManager.swift */; };
		D66817802AA8962900F2DD25 /* Formatter.swift in Sources */ = {isa = PBXBuildFile; fileRef = D668177C2AA8962900F2DD25 /* Formatter.swift */; };
		D66817812AA8962900F2DD25 /* Data.swift in Sources */ = {isa = PBXBuildFile; fileRef = D668177D2AA8962900F2DD25 /* Data.swift */; };
		D66817822AA8962900F2DD25 /* CommentManager.swift in Sources */ = {isa = PBXBuildFile; fileRef = D668177E2AA8962900F2DD25 /* CommentManager.swift */; };
		D66817842AA8965300F2DD25 /* ChannelModel.swift in Sources */ = {isa = PBXBuildFile; fileRef = D66817832AA8965300F2DD25 /* ChannelModel.swift */; };
		D66817862AA8970700F2DD25 /* Detail.storyboard in Resources */ = {isa = PBXBuildFile; fileRef = D66817852AA8970700F2DD25 /* Detail.storyboard */; };
		D6F09E7B2AA59CC3002E87D5 /* AppDelegate.swift in Sources */ = {isa = PBXBuildFile; fileRef = D6F09E7A2AA59CC3002E87D5 /* AppDelegate.swift */; };
		D6F09E7D2AA59CC3002E87D5 /* SceneDelegate.swift in Sources */ = {isa = PBXBuildFile; fileRef = D6F09E7C2AA59CC3002E87D5 /* SceneDelegate.swift */; };
		D6F09E842AA59CC5002E87D5 /* Assets.xcassets in Resources */ = {isa = PBXBuildFile; fileRef = D6F09E832AA59CC5002E87D5 /* Assets.xcassets */; };
		D6F09E872AA59CC5002E87D5 /* LaunchScreen.storyboard in Resources */ = {isa = PBXBuildFile; fileRef = D6F09E852AA59CC5002E87D5 /* LaunchScreen.storyboard */; };
		D6F09E8F2AA59D1F002E87D5 /* MainVC.swift in Sources */ = {isa = PBXBuildFile; fileRef = D6F09E8E2AA59D1F002E87D5 /* MainVC.swift */; };
		D6F09E952AA5A62F002E87D5 /* Login.storyboard in Resources */ = {isa = PBXBuildFile; fileRef = D6F09E942AA5A62F002E87D5 /* Login.storyboard */; };
		D6F09E972AA5A640002E87D5 /* LoginVC.swift in Sources */ = {isa = PBXBuildFile; fileRef = D6F09E962AA5A640002E87D5 /* LoginVC.swift */; };
		D6F09E992AA5A836002E87D5 /* StoryBoards.swift in Sources */ = {isa = PBXBuildFile; fileRef = D6F09E982AA5A836002E87D5 /* StoryBoards.swift */; };
		D6F09E9D2AA5B2CE002E87D5 /* MyPage.storyboard in Resources */ = {isa = PBXBuildFile; fileRef = D6F09E9C2AA5B2CE002E87D5 /* MyPage.storyboard */; };
		D6F09EA02AA5B354002E87D5 /* MyPageVC.swift in Sources */ = {isa = PBXBuildFile; fileRef = D6F09E9F2AA5B354002E87D5 /* MyPageVC.swift */; };
		D6F09EA52AA5B5BA002E87D5 /* VCIdentifier.swift in Sources */ = {isa = PBXBuildFile; fileRef = D6F09EA42AA5B5BA002E87D5 /* VCIdentifier.swift */; };
		D6F09EA82AA5B726002E87D5 /* User.swift in Sources */ = {isa = PBXBuildFile; fileRef = D6F09EA72AA5B726002E87D5 /* User.swift */; };
		D6F09EAA2AA5B869002E87D5 /* VideoInfo.swift in Sources */ = {isa = PBXBuildFile; fileRef = D6F09EA92AA5B869002E87D5 /* VideoInfo.swift */; };
		D6F09EAC2AA5B8B7002E87D5 /* Comment.swift in Sources */ = {isa = PBXBuildFile; fileRef = D6F09EAB2AA5B8B7002E87D5 /* Comment.swift */; };
		D6F09EAF2AA5B98B002E87D5 /* UserRepository.swift in Sources */ = {isa = PBXBuildFile; fileRef = D6F09EAE2AA5B98B002E87D5 /* UserRepository.swift */; };
		D6F09EB12AA5BB03002E87D5 /* CurrentUser.swift in Sources */ = {isa = PBXBuildFile; fileRef = D6F09EB02AA5BB03002E87D5 /* CurrentUser.swift */; };
/* End PBXBuildFile section */

/* Begin PBXFileReference section */
		D668175C2AA8330700F2DD25 /* MainCollectionVC.swift */ = {isa = PBXFileReference; lastKnownFileType = sourcecode.swift; path = MainCollectionVC.swift; sourceTree = "<group>"; };
		D668175F2AA834D700F2DD25 /* ViewController+ext.swift */ = {isa = PBXFileReference; lastKnownFileType = sourcecode.swift; path = "ViewController+ext.swift"; sourceTree = "<group>"; };
		D66817612AA847F100F2DD25 /* LongCell.swift */ = {isa = PBXFileReference; lastKnownFileType = sourcecode.swift; path = LongCell.swift; sourceTree = "<group>"; };
		D66817632AA8555500F2DD25 /* ShortsHeader.swift */ = {isa = PBXFileReference; lastKnownFileType = sourcecode.swift; path = ShortsHeader.swift; sourceTree = "<group>"; };
		D66817652AA85C9900F2DD25 /* UIImage+Ext.swift */ = {isa = PBXFileReference; lastKnownFileType = sourcecode.swift; path = "UIImage+Ext.swift"; sourceTree = "<group>"; };
		D66817672AA8833600F2DD25 /* ShortCell.swift */ = {isa = PBXFileReference; lastKnownFileType = sourcecode.swift; path = ShortCell.swift; sourceTree = "<group>"; };
		D668176A2AA8959900F2DD25 /* DetailViewController.swift */ = {isa = PBXFileReference; fileEncoding = 4; lastKnownFileType = sourcecode.swift; path = DetailViewController.swift; sourceTree = "<group>"; };
		D668176B2AA8959900F2DD25 /* DescriptionViewController.swift */ = {isa = PBXFileReference; fileEncoding = 4; lastKnownFileType = sourcecode.swift; path = DescriptionViewController.swift; sourceTree = "<group>"; };
		D668176C2AA8959900F2DD25 /* CommentTableViewCell.swift */ = {isa = PBXFileReference; fileEncoding = 4; lastKnownFileType = sourcecode.swift; path = CommentTableViewCell.swift; sourceTree = "<group>"; };
		D668176D2AA8959900F2DD25 /* CommentTableViewCell.xib */ = {isa = PBXFileReference; fileEncoding = 4; lastKnownFileType = file.xib; path = CommentTableViewCell.xib; sourceTree = "<group>"; };
		D668176E2AA8959900F2DD25 /* CommentViewController.swift */ = {isa = PBXFileReference; fileEncoding = 4; lastKnownFileType = sourcecode.swift; path = CommentViewController.swift; sourceTree = "<group>"; };
		D66817752AA895AD00F2DD25 /* DescriptionViewController.xib */ = {isa = PBXFileReference; fileEncoding = 4; lastKnownFileType = file.xib; path = DescriptionViewController.xib; sourceTree = "<group>"; };
		D66817762AA895AD00F2DD25 /* CommentViewController.xib */ = {isa = PBXFileReference; fileEncoding = 4; lastKnownFileType = file.xib; path = CommentViewController.xib; sourceTree = "<group>"; };
		D66817792AA8960E00F2DD25 /* VideoModel.swift */ = {isa = PBXFileReference; lastKnownFileType = sourcecode.swift; path = VideoModel.swift; sourceTree = "<group>"; };
		D668177B2AA8962900F2DD25 /* DataManager.swift */ = {isa = PBXFileReference; fileEncoding = 4; lastKnownFileType = sourcecode.swift; path = DataManager.swift; sourceTree = "<group>"; };
		D668177C2AA8962900F2DD25 /* Formatter.swift */ = {isa = PBXFileReference; fileEncoding = 4; lastKnownFileType = sourcecode.swift; path = Formatter.swift; sourceTree = "<group>"; };
		D668177D2AA8962900F2DD25 /* Data.swift */ = {isa = PBXFileReference; fileEncoding = 4; lastKnownFileType = sourcecode.swift; path = Data.swift; sourceTree = "<group>"; };
		D668177E2AA8962900F2DD25 /* CommentManager.swift */ = {isa = PBXFileReference; fileEncoding = 4; lastKnownFileType = sourcecode.swift; path = CommentManager.swift; sourceTree = "<group>"; };
		D66817832AA8965300F2DD25 /* ChannelModel.swift */ = {isa = PBXFileReference; lastKnownFileType = sourcecode.swift; path = ChannelModel.swift; sourceTree = "<group>"; };
		D66817852AA8970700F2DD25 /* Detail.storyboard */ = {isa = PBXFileReference; fileEncoding = 4; lastKnownFileType = file.storyboard; path = Detail.storyboard; sourceTree = "<group>"; };
		D6F09E772AA59CC3002E87D5 /* YoutubeProject.app */ = {isa = PBXFileReference; explicitFileType = wrapper.application; includeInIndex = 0; path = YoutubeProject.app; sourceTree = BUILT_PRODUCTS_DIR; };
		D6F09E7A2AA59CC3002E87D5 /* AppDelegate.swift */ = {isa = PBXFileReference; lastKnownFileType = sourcecode.swift; path = AppDelegate.swift; sourceTree = "<group>"; };
		D6F09E7C2AA59CC3002E87D5 /* SceneDelegate.swift */ = {isa = PBXFileReference; lastKnownFileType = sourcecode.swift; path = SceneDelegate.swift; sourceTree = "<group>"; };
		D6F09E832AA59CC5002E87D5 /* Assets.xcassets */ = {isa = PBXFileReference; lastKnownFileType = folder.assetcatalog; path = Assets.xcassets; sourceTree = "<group>"; };
		D6F09E862AA59CC5002E87D5 /* Base */ = {isa = PBXFileReference; lastKnownFileType = file.storyboard; name = Base; path = Base.lproj/LaunchScreen.storyboard; sourceTree = "<group>"; };
		D6F09E882AA59CC5002E87D5 /* Info.plist */ = {isa = PBXFileReference; lastKnownFileType = text.plist.xml; path = Info.plist; sourceTree = "<group>"; };
		D6F09E8E2AA59D1F002E87D5 /* MainVC.swift */ = {isa = PBXFileReference; lastKnownFileType = sourcecode.swift; path = MainVC.swift; sourceTree = "<group>"; };
		D6F09E942AA5A62F002E87D5 /* Login.storyboard */ = {isa = PBXFileReference; lastKnownFileType = file.storyboard; path = Login.storyboard; sourceTree = "<group>"; };
		D6F09E962AA5A640002E87D5 /* LoginVC.swift */ = {isa = PBXFileReference; lastKnownFileType = sourcecode.swift; path = LoginVC.swift; sourceTree = "<group>"; };
		D6F09E982AA5A836002E87D5 /* StoryBoards.swift */ = {isa = PBXFileReference; lastKnownFileType = sourcecode.swift; path = StoryBoards.swift; sourceTree = "<group>"; };
		D6F09E9C2AA5B2CE002E87D5 /* MyPage.storyboard */ = {isa = PBXFileReference; lastKnownFileType = file.storyboard; path = MyPage.storyboard; sourceTree = "<group>"; };
		D6F09E9F2AA5B354002E87D5 /* MyPageVC.swift */ = {isa = PBXFileReference; lastKnownFileType = sourcecode.swift; path = MyPageVC.swift; sourceTree = "<group>"; };
		D6F09EA42AA5B5BA002E87D5 /* VCIdentifier.swift */ = {isa = PBXFileReference; lastKnownFileType = sourcecode.swift; path = VCIdentifier.swift; sourceTree = "<group>"; };
		D6F09EA72AA5B726002E87D5 /* User.swift */ = {isa = PBXFileReference; lastKnownFileType = sourcecode.swift; path = User.swift; sourceTree = "<group>"; };
		D6F09EA92AA5B869002E87D5 /* VideoInfo.swift */ = {isa = PBXFileReference; lastKnownFileType = sourcecode.swift; path = VideoInfo.swift; sourceTree = "<group>"; };
		D6F09EAB2AA5B8B7002E87D5 /* Comment.swift */ = {isa = PBXFileReference; lastKnownFileType = sourcecode.swift; path = Comment.swift; sourceTree = "<group>"; };
		D6F09EAE2AA5B98B002E87D5 /* UserRepository.swift */ = {isa = PBXFileReference; lastKnownFileType = sourcecode.swift; path = UserRepository.swift; sourceTree = "<group>"; };
		D6F09EB02AA5BB03002E87D5 /* CurrentUser.swift */ = {isa = PBXFileReference; lastKnownFileType = sourcecode.swift; path = CurrentUser.swift; sourceTree = "<group>"; };
/* End PBXFileReference section */

/* Begin PBXFrameworksBuildPhase section */
		D6F09E742AA59CC3002E87D5 /* Frameworks */ = {
			isa = PBXFrameworksBuildPhase;
			buildActionMask = 2147483647;
			files = (
			);
			runOnlyForDeploymentPostprocessing = 0;
		};
/* End PBXFrameworksBuildPhase section */

/* Begin PBXGroup section */
		D668175E2AA834B600F2DD25 /* Extensions */ = {
			isa = PBXGroup;
			children = (
				D668175F2AA834D700F2DD25 /* ViewController+ext.swift */,
				D66817652AA85C9900F2DD25 /* UIImage+Ext.swift */,
			);
			path = Extensions;
			sourceTree = "<group>";
		};
		D66817872AA8978A00F2DD25 /* Services */ = {
			isa = PBXGroup;
			children = (
				D668177C2AA8962900F2DD25 /* Formatter.swift */,
				D668177B2AA8962900F2DD25 /* DataManager.swift */,
				D668177E2AA8962900F2DD25 /* CommentManager.swift */,
			);
			path = Services;
			sourceTree = "<group>";
		};
		D66817882AA897ED00F2DD25 /* Detail */ = {
			isa = PBXGroup;
			children = (
				D668176A2AA8959900F2DD25 /* DetailViewController.swift */,
				D66817852AA8970700F2DD25 /* Detail.storyboard */,
			);
			path = Detail;
			sourceTree = "<group>";
		};
		D66817892AA8983700F2DD25 /* Comment */ = {
			isa = PBXGroup;
			children = (
				D668176C2AA8959900F2DD25 /* CommentTableViewCell.swift */,
				D668176D2AA8959900F2DD25 /* CommentTableViewCell.xib */,
				D668176E2AA8959900F2DD25 /* CommentViewController.swift */,
				D66817762AA895AD00F2DD25 /* CommentViewController.xib */,
			);
			path = Comment;
			sourceTree = "<group>";
		};
		D668178A2AA898A300F2DD25 /* Description */ = {
			isa = PBXGroup;
			children = (
				D668176B2AA8959900F2DD25 /* DescriptionViewController.swift */,
				D66817752AA895AD00F2DD25 /* DescriptionViewController.xib */,
			);
			path = Description;
			sourceTree = "<group>";
		};
		D6F09E6E2AA59CC3002E87D5 = {
			isa = PBXGroup;
			children = (
				D6F09E792AA59CC3002E87D5 /* YoutubeProject */,
				D6F09E782AA59CC3002E87D5 /* Products */,
			);
			sourceTree = "<group>";
		};
		D6F09E782AA59CC3002E87D5 /* Products */ = {
			isa = PBXGroup;
			children = (
				D6F09E772AA59CC3002E87D5 /* YoutubeProject.app */,
			);
			name = Products;
			sourceTree = "<group>";
		};
		D6F09E792AA59CC3002E87D5 /* YoutubeProject */ = {
			isa = PBXGroup;
			children = (
				D66817872AA8978A00F2DD25 /* Services */,
				D668175E2AA834B600F2DD25 /* Extensions */,
				D6F09E832AA59CC5002E87D5 /* Assets.xcassets */,
				D6F09E852AA59CC5002E87D5 /* LaunchScreen.storyboard */,
				D6F09E882AA59CC5002E87D5 /* Info.plist */,
				D6F09EAD2AA5B943002E87D5 /* Repositories */,
				D6F09EA62AA5B6F8002E87D5 /* Models */,
				D6F09E9A2AA5B27D002E87D5 /* Screens */,
				D6F09EA32AA5B596002E87D5 /* Constants */,
				D6F09EA22AA5B587002E87D5 /* Supports */,
			);
			path = YoutubeProject;
			sourceTree = "<group>";
		};
		D6F09E9A2AA5B27D002E87D5 /* Screens */ = {
			isa = PBXGroup;
			children = (
				D668178A2AA898A300F2DD25 /* Description */,
				D66817892AA8983700F2DD25 /* Comment */,
				D66817882AA897ED00F2DD25 /* Detail */,
				D6F09EA12AA5B551002E87D5 /* Main */,
				D6F09E9E2AA5B342002E87D5 /* MyPage */,
				D6F09E9B2AA5B28A002E87D5 /* Login */,
			);
			path = Screens;
			sourceTree = "<group>";
		};
		D6F09E9B2AA5B28A002E87D5 /* Login */ = {
			isa = PBXGroup;
			children = (
				D6F09E942AA5A62F002E87D5 /* Login.storyboard */,
				D6F09E962AA5A640002E87D5 /* LoginVC.swift */,
			);
			path = Login;
			sourceTree = "<group>";
		};
		D6F09E9E2AA5B342002E87D5 /* MyPage */ = {
			isa = PBXGroup;
			children = (
				D6F09E9C2AA5B2CE002E87D5 /* MyPage.storyboard */,
				D6F09E9F2AA5B354002E87D5 /* MyPageVC.swift */,
			);
			path = MyPage;
			sourceTree = "<group>";
		};
		D6F09EA12AA5B551002E87D5 /* Main */ = {
			isa = PBXGroup;
			children = (
				D6F09E8E2AA59D1F002E87D5 /* MainVC.swift */,
				D668175C2AA8330700F2DD25 /* MainCollectionVC.swift */,
				D66817612AA847F100F2DD25 /* LongCell.swift */,
				D66817632AA8555500F2DD25 /* ShortsHeader.swift */,
				D66817672AA8833600F2DD25 /* ShortCell.swift */,
			);
			path = Main;
			sourceTree = "<group>";
		};
		D6F09EA22AA5B587002E87D5 /* Supports */ = {
			isa = PBXGroup;
			children = (
				D6F09E7A2AA59CC3002E87D5 /* AppDelegate.swift */,
				D6F09E7C2AA59CC3002E87D5 /* SceneDelegate.swift */,
			);
			path = Supports;
			sourceTree = "<group>";
		};
		D6F09EA32AA5B596002E87D5 /* Constants */ = {
			isa = PBXGroup;
			children = (
				D6F09E982AA5A836002E87D5 /* StoryBoards.swift */,
				D6F09EA42AA5B5BA002E87D5 /* VCIdentifier.swift */,
			);
			path = Constants;
			sourceTree = "<group>";
		};
		D6F09EA62AA5B6F8002E87D5 /* Models */ = {
			isa = PBXGroup;
			children = (
				D6F09EA72AA5B726002E87D5 /* User.swift */,
				D6F09EA92AA5B869002E87D5 /* VideoInfo.swift */,
				D6F09EAB2AA5B8B7002E87D5 /* Comment.swift */,
				D66817792AA8960E00F2DD25 /* VideoModel.swift */,
				D668177D2AA8962900F2DD25 /* Data.swift */,
				D66817832AA8965300F2DD25 /* ChannelModel.swift */,
			);
			path = Models;
			sourceTree = "<group>";
		};
		D6F09EAD2AA5B943002E87D5 /* Repositories */ = {
			isa = PBXGroup;
			children = (
				D6F09EAE2AA5B98B002E87D5 /* UserRepository.swift */,
				D6F09EB02AA5BB03002E87D5 /* CurrentUser.swift */,
			);
			path = Repositories;
			sourceTree = "<group>";
		};
/* End PBXGroup section */

/* Begin PBXNativeTarget section */
		D6F09E762AA59CC3002E87D5 /* YoutubeProject */ = {
			isa = PBXNativeTarget;
			buildConfigurationList = D6F09E8B2AA59CC5002E87D5 /* Build configuration list for PBXNativeTarget "YoutubeProject" */;
			buildPhases = (
				D6F09E732AA59CC3002E87D5 /* Sources */,
				D6F09E742AA59CC3002E87D5 /* Frameworks */,
				D6F09E752AA59CC3002E87D5 /* Resources */,
			);
			buildRules = (
			);
			dependencies = (
			);
			name = YoutubeProject;
			productName = YoutubeProject;
			productReference = D6F09E772AA59CC3002E87D5 /* YoutubeProject.app */;
			productType = "com.apple.product-type.application";
		};
/* End PBXNativeTarget section */

/* Begin PBXProject section */
		D6F09E6F2AA59CC3002E87D5 /* Project object */ = {
			isa = PBXProject;
			attributes = {
				BuildIndependentTargetsInParallel = 1;
				LastSwiftUpdateCheck = 1430;
				LastUpgradeCheck = 1430;
				TargetAttributes = {
					D6F09E762AA59CC3002E87D5 = {
						CreatedOnToolsVersion = 14.3.1;
					};
				};
			};
			buildConfigurationList = D6F09E722AA59CC3002E87D5 /* Build configuration list for PBXProject "YoutubeProject" */;
			compatibilityVersion = "Xcode 14.0";
			developmentRegion = en;
			hasScannedForEncodings = 0;
			knownRegions = (
				en,
				Base,
			);
			mainGroup = D6F09E6E2AA59CC3002E87D5;
			productRefGroup = D6F09E782AA59CC3002E87D5 /* Products */;
			projectDirPath = "";
			projectRoot = "";
			targets = (
				D6F09E762AA59CC3002E87D5 /* YoutubeProject */,
			);
		};
/* End PBXProject section */

/* Begin PBXResourcesBuildPhase section */
		D6F09E752AA59CC3002E87D5 /* Resources */ = {
			isa = PBXResourcesBuildPhase;
			buildActionMask = 2147483647;
			files = (
				D6F09E872AA59CC5002E87D5 /* LaunchScreen.storyboard in Resources */,
				D6F09E842AA59CC5002E87D5 /* Assets.xcassets in Resources */,
				D6F09E952AA5A62F002E87D5 /* Login.storyboard in Resources */,
				D66817862AA8970700F2DD25 /* Detail.storyboard in Resources */,
				D66817772AA895AD00F2DD25 /* DescriptionViewController.xib in Resources */,
				D6F09E9D2AA5B2CE002E87D5 /* MyPage.storyboard in Resources */,
				D66817722AA8959900F2DD25 /* CommentTableViewCell.xib in Resources */,
				D66817782AA895AD00F2DD25 /* CommentViewController.xib in Resources */,
			);
			runOnlyForDeploymentPostprocessing = 0;
		};
/* End PBXResourcesBuildPhase section */

/* Begin PBXSourcesBuildPhase section */
		D6F09E732AA59CC3002E87D5 /* Sources */ = {
			isa = PBXSourcesBuildPhase;
			buildActionMask = 2147483647;
			files = (
				D66817622AA847F100F2DD25 /* LongCell.swift in Sources */,
				D668177F2AA8962900F2DD25 /* DataManager.swift in Sources */,
				D6F09EAF2AA5B98B002E87D5 /* UserRepository.swift in Sources */,
				D66817662AA85C9900F2DD25 /* UIImage+Ext.swift in Sources */,
				D6F09E7B2AA59CC3002E87D5 /* AppDelegate.swift in Sources */,
				D66817712AA8959900F2DD25 /* CommentTableViewCell.swift in Sources */,
				D6F09E8F2AA59D1F002E87D5 /* MainVC.swift in Sources */,
				D6F09E972AA5A640002E87D5 /* LoginVC.swift in Sources */,
				D668175D2AA8330700F2DD25 /* MainCollectionVC.swift in Sources */,
				D6F09EAA2AA5B869002E87D5 /* VideoInfo.swift in Sources */,
				D668177A2AA8960E00F2DD25 /* VideoModel.swift in Sources */,
				D6F09EA02AA5B354002E87D5 /* MyPageVC.swift in Sources */,
				D66817732AA8959900F2DD25 /* CommentViewController.swift in Sources */,
				D6F09EAC2AA5B8B7002E87D5 /* Comment.swift in Sources */,
				D668176F2AA8959900F2DD25 /* DetailViewController.swift in Sources */,
				D66817642AA8555500F2DD25 /* ShortsHeader.swift in Sources */,
				D66817602AA834D700F2DD25 /* ViewController+ext.swift in Sources */,
				D66817802AA8962900F2DD25 /* Formatter.swift in Sources */,
				D66817822AA8962900F2DD25 /* CommentManager.swift in Sources */,
				D66817702AA8959900F2DD25 /* DescriptionViewController.swift in Sources */,
				D66817682AA8833600F2DD25 /* ShortCell.swift in Sources */,
				D6F09EA82AA5B726002E87D5 /* User.swift in Sources */,
				D66817812AA8962900F2DD25 /* Data.swift in Sources */,
				D6F09EA52AA5B5BA002E87D5 /* VCIdentifier.swift in Sources */,
				D6F09E992AA5A836002E87D5 /* StoryBoards.swift in Sources */,
				D6F09EB12AA5BB03002E87D5 /* CurrentUser.swift in Sources */,
				D6F09E7D2AA59CC3002E87D5 /* SceneDelegate.swift in Sources */,
				D66817842AA8965300F2DD25 /* ChannelModel.swift in Sources */,
			);
			runOnlyForDeploymentPostprocessing = 0;
		};
/* End PBXSourcesBuildPhase section */

/* Begin PBXVariantGroup section */
		D6F09E852AA59CC5002E87D5 /* LaunchScreen.storyboard */ = {
			isa = PBXVariantGroup;
			children = (
				D6F09E862AA59CC5002E87D5 /* Base */,
			);
			name = LaunchScreen.storyboard;
			sourceTree = "<group>";
		};
/* End PBXVariantGroup section */

/* Begin XCBuildConfiguration section */
		D6F09E892AA59CC5002E87D5 /* Debug */ = {
			isa = XCBuildConfiguration;
			buildSettings = {
				ALWAYS_SEARCH_USER_PATHS = NO;
				CLANG_ANALYZER_NONNULL = YES;
				CLANG_ANALYZER_NUMBER_OBJECT_CONVERSION = YES_AGGRESSIVE;
				CLANG_CXX_LANGUAGE_STANDARD = "gnu++20";
				CLANG_ENABLE_MODULES = YES;
				CLANG_ENABLE_OBJC_ARC = YES;
				CLANG_ENABLE_OBJC_WEAK = YES;
				CLANG_WARN_BLOCK_CAPTURE_AUTORELEASING = YES;
				CLANG_WARN_BOOL_CONVERSION = YES;
				CLANG_WARN_COMMA = YES;
				CLANG_WARN_CONSTANT_CONVERSION = YES;
				CLANG_WARN_DEPRECATED_OBJC_IMPLEMENTATIONS = YES;
				CLANG_WARN_DIRECT_OBJC_ISA_USAGE = YES_ERROR;
				CLANG_WARN_DOCUMENTATION_COMMENTS = YES;
				CLANG_WARN_EMPTY_BODY = YES;
				CLANG_WARN_ENUM_CONVERSION = YES;
				CLANG_WARN_INFINITE_RECURSION = YES;
				CLANG_WARN_INT_CONVERSION = YES;
				CLANG_WARN_NON_LITERAL_NULL_CONVERSION = YES;
				CLANG_WARN_OBJC_IMPLICIT_RETAIN_SELF = YES;
				CLANG_WARN_OBJC_LITERAL_CONVERSION = YES;
				CLANG_WARN_OBJC_ROOT_CLASS = YES_ERROR;
				CLANG_WARN_QUOTED_INCLUDE_IN_FRAMEWORK_HEADER = YES;
				CLANG_WARN_RANGE_LOOP_ANALYSIS = YES;
				CLANG_WARN_STRICT_PROTOTYPES = YES;
				CLANG_WARN_SUSPICIOUS_MOVE = YES;
				CLANG_WARN_UNGUARDED_AVAILABILITY = YES_AGGRESSIVE;
				CLANG_WARN_UNREACHABLE_CODE = YES;
				CLANG_WARN__DUPLICATE_METHOD_MATCH = YES;
				COPY_PHASE_STRIP = NO;
				DEBUG_INFORMATION_FORMAT = dwarf;
				ENABLE_STRICT_OBJC_MSGSEND = YES;
				ENABLE_TESTABILITY = YES;
				GCC_C_LANGUAGE_STANDARD = gnu11;
				GCC_DYNAMIC_NO_PIC = NO;
				GCC_NO_COMMON_BLOCKS = YES;
				GCC_OPTIMIZATION_LEVEL = 0;
				GCC_PREPROCESSOR_DEFINITIONS = (
					"DEBUG=1",
					"$(inherited)",
				);
				GCC_WARN_64_TO_32_BIT_CONVERSION = YES;
				GCC_WARN_ABOUT_RETURN_TYPE = YES_ERROR;
				GCC_WARN_UNDECLARED_SELECTOR = YES;
				GCC_WARN_UNINITIALIZED_AUTOS = YES_AGGRESSIVE;
				GCC_WARN_UNUSED_FUNCTION = YES;
				GCC_WARN_UNUSED_VARIABLE = YES;
				IPHONEOS_DEPLOYMENT_TARGET = 16.4;
				MTL_ENABLE_DEBUG_INFO = INCLUDE_SOURCE;
				MTL_FAST_MATH = YES;
				ONLY_ACTIVE_ARCH = YES;
				SDKROOT = iphoneos;
				SWIFT_ACTIVE_COMPILATION_CONDITIONS = DEBUG;
				SWIFT_OPTIMIZATION_LEVEL = "-Onone";
			};
			name = Debug;
		};
		D6F09E8A2AA59CC5002E87D5 /* Release */ = {
			isa = XCBuildConfiguration;
			buildSettings = {
				ALWAYS_SEARCH_USER_PATHS = NO;
				CLANG_ANALYZER_NONNULL = YES;
				CLANG_ANALYZER_NUMBER_OBJECT_CONVERSION = YES_AGGRESSIVE;
				CLANG_CXX_LANGUAGE_STANDARD = "gnu++20";
				CLANG_ENABLE_MODULES = YES;
				CLANG_ENABLE_OBJC_ARC = YES;
				CLANG_ENABLE_OBJC_WEAK = YES;
				CLANG_WARN_BLOCK_CAPTURE_AUTORELEASING = YES;
				CLANG_WARN_BOOL_CONVERSION = YES;
				CLANG_WARN_COMMA = YES;
				CLANG_WARN_CONSTANT_CONVERSION = YES;
				CLANG_WARN_DEPRECATED_OBJC_IMPLEMENTATIONS = YES;
				CLANG_WARN_DIRECT_OBJC_ISA_USAGE = YES_ERROR;
				CLANG_WARN_DOCUMENTATION_COMMENTS = YES;
				CLANG_WARN_EMPTY_BODY = YES;
				CLANG_WARN_ENUM_CONVERSION = YES;
				CLANG_WARN_INFINITE_RECURSION = YES;
				CLANG_WARN_INT_CONVERSION = YES;
				CLANG_WARN_NON_LITERAL_NULL_CONVERSION = YES;
				CLANG_WARN_OBJC_IMPLICIT_RETAIN_SELF = YES;
				CLANG_WARN_OBJC_LITERAL_CONVERSION = YES;
				CLANG_WARN_OBJC_ROOT_CLASS = YES_ERROR;
				CLANG_WARN_QUOTED_INCLUDE_IN_FRAMEWORK_HEADER = YES;
				CLANG_WARN_RANGE_LOOP_ANALYSIS = YES;
				CLANG_WARN_STRICT_PROTOTYPES = YES;
				CLANG_WARN_SUSPICIOUS_MOVE = YES;
				CLANG_WARN_UNGUARDED_AVAILABILITY = YES_AGGRESSIVE;
				CLANG_WARN_UNREACHABLE_CODE = YES;
				CLANG_WARN__DUPLICATE_METHOD_MATCH = YES;
				COPY_PHASE_STRIP = NO;
				DEBUG_INFORMATION_FORMAT = "dwarf-with-dsym";
				ENABLE_NS_ASSERTIONS = NO;
				ENABLE_STRICT_OBJC_MSGSEND = YES;
				GCC_C_LANGUAGE_STANDARD = gnu11;
				GCC_NO_COMMON_BLOCKS = YES;
				GCC_WARN_64_TO_32_BIT_CONVERSION = YES;
				GCC_WARN_ABOUT_RETURN_TYPE = YES_ERROR;
				GCC_WARN_UNDECLARED_SELECTOR = YES;
				GCC_WARN_UNINITIALIZED_AUTOS = YES_AGGRESSIVE;
				GCC_WARN_UNUSED_FUNCTION = YES;
				GCC_WARN_UNUSED_VARIABLE = YES;
				IPHONEOS_DEPLOYMENT_TARGET = 16.4;
				MTL_ENABLE_DEBUG_INFO = NO;
				MTL_FAST_MATH = YES;
				SDKROOT = iphoneos;
				SWIFT_COMPILATION_MODE = wholemodule;
				SWIFT_OPTIMIZATION_LEVEL = "-O";
				VALIDATE_PRODUCT = YES;
			};
			name = Release;
		};
		D6F09E8C2AA59CC5002E87D5 /* Debug */ = {
			isa = XCBuildConfiguration;
			buildSettings = {
				ASSETCATALOG_COMPILER_APPICON_NAME = AppIcon;
				ASSETCATALOG_COMPILER_GLOBAL_ACCENT_COLOR_NAME = AccentColor;
				CODE_SIGN_STYLE = Automatic;
				CURRENT_PROJECT_VERSION = 1;
				DEVELOPMENT_TEAM = RVJX7CVR56;
				GENERATE_INFOPLIST_FILE = YES;
				INFOPLIST_FILE = YoutubeProject/Info.plist;
				INFOPLIST_KEY_UIApplicationSupportsIndirectInputEvents = YES;
				INFOPLIST_KEY_UILaunchStoryboardName = LaunchScreen;
				INFOPLIST_KEY_UISupportedInterfaceOrientations_iPad = "UIInterfaceOrientationPortrait UIInterfaceOrientationPortraitUpsideDown UIInterfaceOrientationLandscapeLeft UIInterfaceOrientationLandscapeRight";
				INFOPLIST_KEY_UISupportedInterfaceOrientations_iPhone = "UIInterfaceOrientationPortrait UIInterfaceOrientationLandscapeLeft UIInterfaceOrientationLandscapeRight";
				LD_RUNPATH_SEARCH_PATHS = (
					"$(inherited)",
					"@executable_path/Frameworks",
				);
				MARKETING_VERSION = 1.0;
				PRODUCT_BUNDLE_IDENTIFIER = com.woojun.lee.YoutubeProject;
				PRODUCT_NAME = "$(TARGET_NAME)";
				SWIFT_EMIT_LOC_STRINGS = YES;
				SWIFT_VERSION = 5.0;
				TARGETED_DEVICE_FAMILY = "1,2";
			};
			name = Debug;
		};
		D6F09E8D2AA59CC5002E87D5 /* Release */ = {
			isa = XCBuildConfiguration;
			buildSettings = {
				ASSETCATALOG_COMPILER_APPICON_NAME = AppIcon;
				ASSETCATALOG_COMPILER_GLOBAL_ACCENT_COLOR_NAME = AccentColor;
				CODE_SIGN_STYLE = Automatic;
				CURRENT_PROJECT_VERSION = 1;
				DEVELOPMENT_TEAM = RVJX7CVR56;
				GENERATE_INFOPLIST_FILE = YES;
				INFOPLIST_FILE = YoutubeProject/Info.plist;
				INFOPLIST_KEY_UIApplicationSupportsIndirectInputEvents = YES;
				INFOPLIST_KEY_UILaunchStoryboardName = LaunchScreen;
				INFOPLIST_KEY_UISupportedInterfaceOrientations_iPad = "UIInterfaceOrientationPortrait UIInterfaceOrientationPortraitUpsideDown UIInterfaceOrientationLandscapeLeft UIInterfaceOrientationLandscapeRight";
				INFOPLIST_KEY_UISupportedInterfaceOrientations_iPhone = "UIInterfaceOrientationPortrait UIInterfaceOrientationLandscapeLeft UIInterfaceOrientationLandscapeRight";
				LD_RUNPATH_SEARCH_PATHS = (
					"$(inherited)",
					"@executable_path/Frameworks",
				);
				MARKETING_VERSION = 1.0;
				PRODUCT_BUNDLE_IDENTIFIER = com.woojun.lee.YoutubeProject;
				PRODUCT_NAME = "$(TARGET_NAME)";
				SWIFT_EMIT_LOC_STRINGS = YES;
				SWIFT_VERSION = 5.0;
				TARGETED_DEVICE_FAMILY = "1,2";
			};
			name = Release;
		};
/* End XCBuildConfiguration section */

/* Begin XCConfigurationList section */
		D6F09E722AA59CC3002E87D5 /* Build configuration list for PBXProject "YoutubeProject" */ = {
			isa = XCConfigurationList;
			buildConfigurations = (
				D6F09E892AA59CC5002E87D5 /* Debug */,
				D6F09E8A2AA59CC5002E87D5 /* Release */,
			);
			defaultConfigurationIsVisible = 0;
			defaultConfigurationName = Release;
		};
		D6F09E8B2AA59CC5002E87D5 /* Build configuration list for PBXNativeTarget "YoutubeProject" */ = {
			isa = XCConfigurationList;
			buildConfigurations = (
				D6F09E8C2AA59CC5002E87D5 /* Debug */,
				D6F09E8D2AA59CC5002E87D5 /* Release */,
			);
			defaultConfigurationIsVisible = 0;
			defaultConfigurationName = Release;
		};
/* End XCConfigurationList section */
	};
	rootObject = D6F09E6F2AA59CC3002E87D5 /* Project object */;
}
